
Microsoft Visual Studio Solution File, Format Version 12.00
# Visual Studio Version 17
VisualStudioVersion = 17.11.35222.181
MinimumVisualStudioVersion = 10.0.40219.1
Project("{FAE04EC0-301F-11D3-BF4B-00C04F79EFBC}") = "Inicio_Sesion", "Inicio_Sesion\Inicio_Sesion.csproj", "{C5E893E2-E7C3-423F-B054-EDFAA3335B23}"
EndProject
Global
	GlobalSection(SolutionConfigurationPlatforms) = preSolution
		Debug|Any CPU = Debug|Any CPU
		Release|Any CPU = Release|Any CPU
	EndGlobalSection
	GlobalSection(ProjectConfigurationPlatforms) = postSolution
		{C5E893E2-E7C3-423F-B054-EDFAA3335B23}.Debug|Any CPU.ActiveCfg = Debug|Any CPU
		{C5E893E2-E7C3-423F-B054-EDFAA3335B23}.Debug|Any CPU.Build.0 = Debug|Any CPU
		{C5E893E2-E7C3-423F-B054-EDFAA3335B23}.Release|Any CPU.ActiveCfg = Release|Any CPU
		{C5E893E2-E7C3-423F-B054-EDFAA3335B23}.Release|Any CPU.Build.0 = Release|Any CPU
	EndGlobalSection
	GlobalSection(SolutionProperties) = preSolution
		HideSolutionNode = FALSE
	EndGlobalSection
	GlobalSection(ExtensibilityGlobals) = postSolution
		SolutionGuid = {84C070D7-6672-4692-B72F-BB307725ACDF}
	EndGlobalSection
EndGlobal
